{
    "_readme": [
        "This file locks the dependencies of your project to a known state",
        "Read more about it at https://getcomposer.org/doc/01-basic-usage.md#composer-lock-the-lock-file",
        "This file is @generated automatically"
    ],
    "content-hash": "3726bb582bc42f546c389c9735136595",
    "packages": [
        {
            "name": "advanced-custom-fields/advanced-custom-fields-pro",
            "version": "5.5.5",
            "dist": {
                "type": "zip",
                "url": "https://connect.advancedcustomfields.com/index.php?p=pro&a=download&t=5.5.5",
                "reference": null,
                "shasum": null
            },
            "require": {
                "composer/installers": "^1.2.0",
                "philippbaschke/acf-pro-installer": "^1.0"
            },
            "type": "wordpress-plugin"
        },
        {
            "name": "altorouter/altorouter",
            "version": "v1.1.0",
            "source": {
                "type": "git",
                "url": "https://github.com/dannyvankooten/AltoRouter.git",
                "reference": "09d9d946c546bae6d22a7654cdb3b825ffda54b4"
            },
            "dist": {
                "type": "zip",
                "url": "https://api.github.com/repos/dannyvankooten/AltoRouter/zipball/09d9d946c546bae6d22a7654cdb3b825ffda54b4",
                "reference": "09d9d946c546bae6d22a7654cdb3b825ffda54b4",
                "shasum": ""
            },
            "require": {
                "php": ">=5.3.0"
            },
            "type": "library",
            "autoload": {
                "classmap": [
                    "AltoRouter.php"
                ]
            },
            "notification-url": "https://packagist.org/downloads/",
            "license": [
                "MIT"
            ],
            "authors": [
                {
                    "name": "Danny van Kooten",
                    "email": "dannyvankooten@gmail.com",
                    "homepage": "http://dannyvankooten.com/"
                },
                {
                    "name": "Koen Punt",
                    "homepage": "https://github.com/koenpunt"
                },
                {
                    "name": "niahoo",
                    "homepage": "https://github.com/niahoo"
                }
            ],
            "description": "A lightning fast router for PHP",
            "homepage": "https://github.com/dannyvankooten/AltoRouter",
            "keywords": [
                "lightweight",
                "router",
                "routing"
            ],
            "time": "2014-04-16T09:44:40+00:00"
        },
        {
            "name": "asm89/twig-cache-extension",
            "version": "1.3.2",
            "source": {
                "type": "git",
                "url": "https://github.com/asm89/twig-cache-extension.git",
                "reference": "630ea7abdc3fc62ba6786c02590a1560e449cf55"
            },
            "dist": {
                "type": "zip",
                "url": "https://api.github.com/repos/asm89/twig-cache-extension/zipball/630ea7abdc3fc62ba6786c02590a1560e449cf55",
                "reference": "630ea7abdc3fc62ba6786c02590a1560e449cf55",
                "shasum": ""
            },
            "require": {
                "php": ">=5.3.2",
                "twig/twig": "^1.0|^2.0"
            },
            "require-dev": {
                "doctrine/cache": "~1.0"
            },
            "suggest": {
                "psr/cache-implementation": "To make use of PSR-6 cache implementation via PsrCacheAdapter."
            },
            "type": "library",
            "extra": {
                "branch-alias": {
                    "dev-master": "1.3-dev"
                }
            },
            "autoload": {
                "psr-4": {
                    "": "lib/"
                }
            },
            "notification-url": "https://packagist.org/downloads/",
            "license": [
                "MIT"
            ],
            "authors": [
                {
                    "name": "Alexander",
                    "email": "iam.asm89@gmail.com"
                }
            ],
            "description": "Cache fragments of templates directly within Twig.",
            "homepage": "https://github.com/asm89/twig-cache-extension",
            "keywords": [
                "cache",
                "extension",
                "twig"
            ],
            "time": "2017-01-10T22:04:15+00:00"
        },
        {
            "name": "composer/installers",
            "version": "v1.2.0",
            "source": {
                "type": "git",
                "url": "https://github.com/composer/installers.git",
                "reference": "d78064c68299743e0161004f2de3a0204e33b804"
            },
            "dist": {
                "type": "zip",
                "url": "https://api.github.com/repos/composer/installers/zipball/d78064c68299743e0161004f2de3a0204e33b804",
                "reference": "d78064c68299743e0161004f2de3a0204e33b804",
                "shasum": ""
            },
            "require": {
                "composer-plugin-api": "^1.0"
            },
            "replace": {
                "roundcube/plugin-installer": "*",
                "shama/baton": "*"
            },
            "require-dev": {
                "composer/composer": "1.0.*@dev",
                "phpunit/phpunit": "4.1.*"
            },
            "type": "composer-plugin",
            "extra": {
                "class": "Composer\\Installers\\Plugin",
                "branch-alias": {
                    "dev-master": "1.0-dev"
                }
            },
            "autoload": {
                "psr-4": {
                    "Composer\\Installers\\": "src/Composer/Installers"
                }
            },
            "notification-url": "https://packagist.org/downloads/",
            "license": [
                "MIT"
            ],
            "authors": [
                {
                    "name": "Kyle Robinson Young",
                    "email": "kyle@dontkry.com",
                    "homepage": "https://github.com/shama"
                }
            ],
            "description": "A multi-framework Composer library installer",
            "homepage": "https://composer.github.io/installers/",
            "keywords": [
                "Craft",
                "Dolibarr",
                "Hurad",
                "ImageCMS",
                "MODX Evo",
                "Mautic",
                "OXID",
                "Plentymarkets",
                "RadPHP",
                "SMF",
                "Thelia",
                "WolfCMS",
                "agl",
                "aimeos",
                "annotatecms",
                "attogram",
                "bitrix",
                "cakephp",
                "chef",
                "cockpit",
                "codeigniter",
                "concrete5",
                "croogo",
                "dokuwiki",
                "drupal",
                "elgg",
                "expressionengine",
                "fuelphp",
                "grav",
                "installer",
                "joomla",
                "kohana",
                "laravel",
                "lithium",
                "magento",
                "mako",
                "mediawiki",
                "modulework",
                "moodle",
                "phpbb",
                "piwik",
                "ppi",
                "puppet",
                "reindex",
                "roundcube",
                "shopware",
                "silverstripe",
                "symfony",
                "typo3",
                "wordpress",
                "yawik",
                "zend",
                "zikula"
            ],
            "time": "2016-08-13T20:53:52+00:00"
        },
        {
            "name": "johnpbloch/wordpress",
            "version": "4.7.2",
            "source": {
                "type": "git",
                "url": "https://github.com/johnpbloch/wordpress.git",
                "reference": "ac7b1792641d1fb61cb2901db292903b31694057"
            },
            "dist": {
                "type": "zip",
                "url": "https://api.github.com/repos/johnpbloch/wordpress/zipball/ac7b1792641d1fb61cb2901db292903b31694057",
                "reference": "ac7b1792641d1fb61cb2901db292903b31694057",
                "shasum": ""
            },
            "require": {
                "johnpbloch/wordpress-core-installer": "~0.2",
                "php": ">=5.3.2"
            },
            "type": "wordpress-core",
            "notification-url": "https://packagist.org/downloads/",
            "license": [
                "GPL-2.0+"
            ],
            "authors": [
                {
                    "name": "WordPress Community",
                    "homepage": "http://wordpress.org/about/"
                }
            ],
            "description": "WordPress is web software you can use to create a beautiful website or blog.",
            "homepage": "http://wordpress.org/",
            "keywords": [
                "blog",
                "cms"
            ],
            "time": "2017-01-26T18:32:19+00:00"
        },
        {
            "name": "johnpbloch/wordpress-core-installer",
            "version": "0.2.1",
            "source": {
                "type": "git",
                "url": "https://github.com/johnpbloch/wordpress-core-installer.git",
                "reference": "a04c2c383ef13aae077f36799ed2eafdebd618d2"
            },
            "dist": {
                "type": "zip",
                "url": "https://api.github.com/repos/johnpbloch/wordpress-core-installer/zipball/a04c2c383ef13aae077f36799ed2eafdebd618d2",
                "reference": "a04c2c383ef13aae077f36799ed2eafdebd618d2",
                "shasum": ""
            },
            "require": {
                "composer-plugin-api": "^1.0"
            },
            "conflict": {
                "composer/installers": "<1.0.6"
            },
            "require-dev": {
                "composer/composer": "1.0.*@dev"
            },
            "type": "composer-plugin",
            "extra": {
                "class": "johnpbloch\\Composer\\WordPressCorePlugin"
            },
            "autoload": {
                "psr-0": {
                    "johnpbloch\\Composer\\": "src/"
                }
            },
            "notification-url": "https://packagist.org/downloads/",
            "license": [
                "GPL-2.0+"
            ],
            "authors": [
                {
                    "name": "John P. Bloch",
                    "email": "me@johnpbloch.com"
                }
            ],
            "description": "A custom installer to handle deploying WordPress with composer",
            "keywords": [
                "wordpress"
            ],
            "time": "2015-06-11T15:15:30+00:00"
        },
        {
            "name": "oscarotero/env",
            "version": "v1.0.2",
            "source": {
                "type": "git",
                "url": "https://github.com/oscarotero/env.git",
                "reference": "0819fd764ca19ab880b8d9ed7a95ae4910f98f20"
            },
            "dist": {
                "type": "zip",
                "url": "https://api.github.com/repos/oscarotero/env/zipball/0819fd764ca19ab880b8d9ed7a95ae4910f98f20",
                "reference": "0819fd764ca19ab880b8d9ed7a95ae4910f98f20",
                "shasum": ""
            },
            "require": {
                "php": ">=5.2"
            },
            "type": "library",
            "autoload": {
                "psr-0": {
                    "Env": "src/"
                }
            },
            "notification-url": "https://packagist.org/downloads/",
            "license": [
                "MIT"
            ],
            "authors": [
                {
                    "name": "Oscar Otero",
                    "email": "oom@oscarotero.com",
                    "homepage": "http://oscarotero.com",
                    "role": "Developer"
                }
            ],
            "description": "Simple library to consume environment variables",
            "homepage": "https://github.com/oscarotero/env",
            "keywords": [
                "env"
            ],
            "time": "2016-05-08T17:14:32+00:00"
        },
        {
            "name": "philippbaschke/acf-pro-installer",
            "version": "v1.0.2",
            "source": {
                "type": "git",
                "url": "https://github.com/PhilippBaschke/acf-pro-installer.git",
                "reference": "f18e537183958159ef5f6cb1f5b684f59d55f3eb"
            },
            "dist": {
                "type": "zip",
                "url": "https://api.github.com/repos/PhilippBaschke/acf-pro-installer/zipball/f18e537183958159ef5f6cb1f5b684f59d55f3eb",
                "reference": "f18e537183958159ef5f6cb1f5b684f59d55f3eb",
                "shasum": ""
            },
            "require": {
                "composer-plugin-api": "^1.0",
                "php": ">=5.5",
                "vlucas/phpdotenv": "^2.2"
            },
            "require-dev": {
                "composer/composer": "1.0.*",
                "phpunit/phpunit": "4.8.*",
                "satooshi/php-coveralls": "1.*",
                "squizlabs/php_codesniffer": "2.*"
            },
            "type": "composer-plugin",
            "extra": {
                "class": "PhilippBaschke\\ACFProInstaller\\Plugin"
            },
            "autoload": {
                "psr-4": {
                    "PhilippBaschke\\ACFProInstaller\\": "src/ACFProInstaller"
                }
            },
            "notification-url": "https://packagist.org/downloads/",
            "license": [
                "MIT"
            ],
            "authors": [
                {
                    "name": "Philipp Baschke",
                    "email": "philipp@baschke.com"
                }
            ],
            "description": "An install helper for Advanced Custom Fields PRO",
            "keywords": [
                "acf",
                "composer",
                "env",
                "plugin",
                "pro",
                "wordpress",
                "wp"
            ],
            "time": "2016-07-20T10:19:36+00:00"
        },
        {
            "name": "roots/wp-password-bcrypt",
            "version": "1.0.0",
            "source": {
                "type": "git",
                "url": "https://github.com/roots/wp-password-bcrypt.git",
                "reference": "5cecd2e98ccc3193443cc5c5db9b3bc7abed5ffa"
            },
            "dist": {
                "type": "zip",
                "url": "https://api.github.com/repos/roots/wp-password-bcrypt/zipball/5cecd2e98ccc3193443cc5c5db9b3bc7abed5ffa",
                "reference": "5cecd2e98ccc3193443cc5c5db9b3bc7abed5ffa",
                "shasum": ""
            },
            "require": {
                "composer/installers": "~1.0",
                "php": ">=5.5.0"
            },
            "require-dev": {
                "brain/monkey": "^1.3.1",
                "mockery/mockery": "^0.9.4",
                "phpunit/phpunit": "^4.8.23|^5.2.9",
                "squizlabs/php_codesniffer": "^2.5.1"
            },
            "type": "library",
            "autoload": {
                "files": [
                    "wp-password-bcrypt.php"
                ]
            },
            "notification-url": "https://packagist.org/downloads/",
            "license": [
                "MIT"
            ],
            "authors": [
                {
                    "name": "Scott Walkinshaw",
                    "email": "scott.walkinshaw@gmail.com",
                    "homepage": "https://github.com/swalkinshaw"
                },
                {
                    "name": "qwp6t",
                    "homepage": "https://github.com/qwp6t"
                },
                {
                    "name": "Jan Pingel",
                    "email": "jpingel@bitpiston.com",
                    "homepage": "http://janpingel.com"
                }
            ],
            "description": "WordPress plugin which replaces wp_hash_password and wp_check_password's phpass hasher with PHP 5.5's password_hash and password_verify using bcrypt.",
            "homepage": "https://roots.io/plugins/wp-password-bcrypt",
            "keywords": [
                "wordpress wp bcrypt password"
            ],
            "time": "2016-03-01T16:27:06+00:00"
        },
        {
            "name": "timber/timber",
            "version": "1.2.1",
            "source": {
                "type": "git",
                "url": "https://github.com/timber/timber.git",
                "reference": "c7f76559ea65299c231375f4c4a62e67cd86ff00"
            },
            "dist": {
                "type": "zip",
                "url": "https://api.github.com/repos/timber/timber/zipball/c7f76559ea65299c231375f4c4a62e67cd86ff00",
                "reference": "c7f76559ea65299c231375f4c4a62e67cd86ff00",
                "shasum": ""
            },
            "require": {
                "asm89/twig-cache-extension": "~1.0",
                "composer/installers": "~1.0",
                "php": ">=5.3.0",
                "twig/twig": "1.*",
                "upstatement/routes": "0.4"
            },
            "require-dev": {
                "jarednova/markdowndocs": "dev-master",
                "phpdocumentor/phpdocumentor": "2.*",
                "phpunit/phpunit": "~4.0",
                "satooshi/php-coveralls": "1.0.*",
                "wpackagist-plugin/advanced-custom-fields": "4.*",
                "wpackagist-plugin/co-authors-plus": "3.*"
            },
            "type": "library",
            "autoload": {
                "psr-4": {
                    "Timber\\": "lib/"
                }
            },
            "notification-url": "https://packagist.org/downloads/",
            "license": [
                "MIT"
            ],
            "authors": [
                {
                    "name": "Jared Novack",
                    "email": "jared@upstatement.com",
                    "homepage": "http://upstatement.com"
                },
                {
                    "name": "Connor J. Burton",
                    "email": "connorjburton@gmail.com",
                    "homepage": "http://connorburton.com"
                }
            ],
            "description": "Plugin to write WordPress themes w Object-Oriented Code and the Twig Template Engine",
            "homepage": "http://timber.upstatement.com",
            "keywords": [
                "templating",
                "themes",
                "timber",
                "twig"
            ],
            "time": "2017-01-10T17:02:07+00:00"
        },
        {
            "name": "twig/extensions",
            "version": "v1.4.1",
            "source": {
                "type": "git",
                "url": "https://github.com/twigphp/Twig-extensions.git",
                "reference": "f0bb8431c8691f5a39f1017d9a5967a082bf01ff"
            },
            "dist": {
                "type": "zip",
                "url": "https://api.github.com/repos/twigphp/Twig-extensions/zipball/f0bb8431c8691f5a39f1017d9a5967a082bf01ff",
                "reference": "f0bb8431c8691f5a39f1017d9a5967a082bf01ff",
                "shasum": ""
            },
            "require": {
                "twig/twig": "~1.20|~2.0"
            },
            "require-dev": {
                "symfony/translation": "~2.3"
            },
            "suggest": {
                "symfony/translation": "Allow the time_diff output to be translated"
            },
            "type": "library",
            "extra": {
                "branch-alias": {
                    "dev-master": "1.4-dev"
                }
            },
            "autoload": {
                "psr-0": {
                    "Twig_Extensions_": "lib/"
                }
            },
            "notification-url": "https://packagist.org/downloads/",
            "license": [
                "MIT"
            ],
            "authors": [
                {
                    "name": "Fabien Potencier",
                    "email": "fabien@symfony.com"
                }
            ],
            "description": "Common additional features for Twig that do not directly belong in core",
            "homepage": "http://twig.sensiolabs.org/doc/extensions/index.html",
            "keywords": [
                "i18n",
                "text"
            ],
            "time": "2016-10-25T17:34:14+00:00"
        },
        {
            "name": "twig/twig",
            "version": "v1.31.0",
            "source": {
                "type": "git",
                "url": "https://github.com/twigphp/Twig.git",
                "reference": "ddc9e3e20ee9c0b6908f401ac8353635b750eca7"
            },
            "dist": {
                "type": "zip",
                "url": "https://api.github.com/repos/twigphp/Twig/zipball/ddc9e3e20ee9c0b6908f401ac8353635b750eca7",
                "reference": "ddc9e3e20ee9c0b6908f401ac8353635b750eca7",
                "shasum": ""
            },
            "require": {
                "php": ">=5.2.7"
            },
            "require-dev": {
                "symfony/debug": "~2.7",
                "symfony/phpunit-bridge": "~3.2"
            },
            "type": "library",
            "extra": {
                "branch-alias": {
                    "dev-master": "1.31-dev"
                }
            },
            "autoload": {
                "psr-0": {
                    "Twig_": "lib/"
                }
            },
            "notification-url": "https://packagist.org/downloads/",
            "license": [
                "BSD-3-Clause"
            ],
            "authors": [
                {
                    "name": "Fabien Potencier",
                    "email": "fabien@symfony.com",
                    "homepage": "http://fabien.potencier.org",
                    "role": "Lead Developer"
                },
                {
                    "name": "Armin Ronacher",
                    "email": "armin.ronacher@active-4.com",
                    "role": "Project Founder"
                },
                {
                    "name": "Twig Team",
                    "homepage": "http://twig.sensiolabs.org/contributors",
                    "role": "Contributors"
                }
            ],
            "description": "Twig, the flexible, fast, and secure template language for PHP",
            "homepage": "http://twig.sensiolabs.org",
            "keywords": [
                "templating"
            ],
            "time": "2017-01-11T19:36:15+00:00"
        },
        {
            "name": "upstatement/routes",
            "version": "0.4",
            "source": {
                "type": "git",
                "url": "https://github.com/Upstatement/routes.git",
                "reference": "fae7d46f56e8b5775f072774941a5f0a25cb86f3"
            },
            "dist": {
                "type": "zip",
                "url": "https://api.github.com/repos/Upstatement/routes/zipball/fae7d46f56e8b5775f072774941a5f0a25cb86f3",
                "reference": "fae7d46f56e8b5775f072774941a5f0a25cb86f3",
                "shasum": ""
            },
            "require": {
                "altorouter/altorouter": "1.1.0",
                "composer/installers": "~1.0",
                "php": ">=5.3.0"
            },
            "require-dev": {
                "phpunit/phpunit": "3.7.*",
                "satooshi/php-coveralls": "dev-master",
                "wp-cli/wp-cli": "*"
            },
            "type": "library",
            "autoload": {
                "psr-0": {
                    "Routes": ""
                }
            },
            "notification-url": "https://packagist.org/downloads/",
            "license": [
                "MIT"
            ],
            "authors": [
                {
                    "name": "Jared Novack",
                    "email": "jared@upstatement.com",
                    "homepage": "http://upstatement.com"
                }
            ],
            "description": "Manage rewrites and routes in WordPress with this dead-simple plugin",
            "homepage": "http://routes.upstatement.com",
            "keywords": [
                "redirects",
                "rewrite",
                "routes",
                "routing"
            ],
            "time": "2016-07-06T12:53:24+00:00"
        },
        {
            "name": "vlucas/phpdotenv",
            "version": "v2.4.0",
            "source": {
                "type": "git",
                "url": "https://github.com/vlucas/phpdotenv.git",
                "reference": "3cc116adbe4b11be5ec557bf1d24dc5e3a21d18c"
            },
            "dist": {
                "type": "zip",
                "url": "https://api.github.com/repos/vlucas/phpdotenv/zipball/3cc116adbe4b11be5ec557bf1d24dc5e3a21d18c",
                "reference": "3cc116adbe4b11be5ec557bf1d24dc5e3a21d18c",
                "shasum": ""
            },
            "require": {
                "php": ">=5.3.9"
            },
            "require-dev": {
                "phpunit/phpunit": "^4.8 || ^5.0"
            },
            "type": "library",
            "extra": {
                "branch-alias": {
                    "dev-master": "2.4-dev"
                }
            },
            "autoload": {
                "psr-4": {
                    "Dotenv\\": "src/"
                }
            },
            "notification-url": "https://packagist.org/downloads/",
            "license": [
                "BSD-3-Clause-Attribution"
            ],
            "authors": [
                {
                    "name": "Vance Lucas",
                    "email": "vance@vancelucas.com",
                    "homepage": "http://www.vancelucas.com"
                }
            ],
            "description": "Loads environment variables from `.env` to `getenv()`, `$_ENV` and `$_SERVER` automagically.",
            "keywords": [
                "dotenv",
                "env",
                "environment"
            ],
            "time": "2016-09-01T10:05:43+00:00"
        },
        {
            "name": "wpackagist-plugin/debug-bar",
            "version": "0.8.4",
            "source": {
                "type": "svn",
                "url": "https://plugins.svn.wordpress.org/debug-bar/",
                "reference": "tags/0.8.4"
            },
            "dist": {
                "type": "zip",
                "url": "https://downloads.wordpress.org/plugin/debug-bar.0.8.4.zip",
                "reference": null,
                "shasum": null
            },
            "require": {
                "composer/installers": "~1.0"
            },
            "type": "wordpress-plugin",
            "homepage": "https://wordpress.org/plugins/debug-bar/"
        },
        {
            "name": "wpackagist-plugin/debug-bar-timber",
            "version": "0.3",
            "source": {
                "type": "svn",
                "url": "https://plugins.svn.wordpress.org/debug-bar-timber/",
                "reference": "tags/0.3"
            },
            "dist": {
                "type": "zip",
                "url": "https://downloads.wordpress.org/plugin/debug-bar-timber.0.3.zip",
                "reference": null,
                "shasum": null
            },
            "require": {
                "composer/installers": "~1.0"
            },
            "type": "wordpress-plugin",
            "homepage": "https://wordpress.org/plugins/debug-bar-timber/"
        },
        {
            "name": "wpackagist-plugin/disable-comments",
            "version": "2.6",
            "source": {
                "type": "svn",
                "url": "https://plugins.svn.wordpress.org/disable-comments/",
                "reference": "tags/2.6"
            },
            "dist": {
                "type": "zip",
                "url": "https://downloads.wordpress.org/plugin/disable-comments.2.6.zip",
                "reference": null,
                "shasum": null
            },
            "require": {
                "composer/installers": "~1.0"
            },
            "type": "wordpress-plugin",
            "homepage": "https://wordpress.org/plugins/disable-comments/"
        },
        {
            "name": "wpackagist-plugin/svg-support",
            "version": "2.3.6",
            "source": {
                "type": "svn",
                "url": "https://plugins.svn.wordpress.org/svg-support/",
                "reference": "tags/2.3.6"
            },
            "dist": {
                "type": "zip",
                "url": "https://downloads.wordpress.org/plugin/svg-support.2.3.6.zip",
                "reference": null,
                "shasum": null
            },
            "require": {
                "composer/installers": "~1.0"
            },
            "type": "wordpress-plugin",
            "homepage": "https://wordpress.org/plugins/svg-support/"
        },
        {
            "name": "xrstf/composer-php52",
            "version": "v1.0.20",
            "source": {
                "type": "git",
                "url": "https://github.com/composer-php52/composer-php52.git",
                "reference": "bd41459d5e27df8d33057842b32377c39e97a5a8"
            },
            "dist": {
                "type": "zip",
                "url": "https://api.github.com/repos/composer-php52/composer-php52/zipball/bd41459d5e27df8d33057842b32377c39e97a5a8",
                "reference": "bd41459d5e27df8d33057842b32377c39e97a5a8",
                "shasum": ""
            },
            "type": "library",
            "extra": {
                "branch-alias": {
                    "dev-default": "1.x-dev"
                }
            },
            "autoload": {
                "psr-0": {
                    "xrstf\\Composer52": "lib/"
                }
            },
            "notification-url": "https://packagist.org/downloads/",
            "license": [
                "MIT"
            ],
            "time": "2016-04-16T21:52:24+00:00"
        },
        {
            "name": "yoast/api-libs",
            "version": "2.0",
            "source": {
                "type": "git",
                "url": "https://github.com/Yoast/api-libs.git",
                "reference": "e7361081a1d6ae79c0b96c8363379435ea736ef8"
            },
            "dist": {
                "type": "zip",
                "url": "https://api.github.com/repos/Yoast/api-libs/zipball/e7361081a1d6ae79c0b96c8363379435ea736ef8",
                "reference": "e7361081a1d6ae79c0b96c8363379435ea736ef8",
                "shasum": ""
            },
            "type": "library",
            "autoload": {
                "classmap": [
                    "class-api-libs.php"
                ]
            },
            "notification-url": "https://packagist.org/downloads/",
            "license": [
                "GPL-3.0"
            ],
            "authors": [
                {
                    "name": "Team Yoast",
                    "email": "support@yoast.com",
                    "homepage": "https://yoast.com"
                }
            ],
            "description": "Shared API libraries for Yoast projects.",
            "homepage": "https://github.com/Yoast/api-libs",
            "keywords": [
                "wordpress"
            ],
            "time": "2015-07-14T10:25:59+00:00"
        },
        {
            "name": "yoast/i18n-module",
            "version": "2.0.1",
            "source": {
                "type": "git",
                "url": "https://github.com/Yoast/i18n-module.git",
                "reference": "c08da78bba4747dff960e31dda2be46aae6b30e8"
            },
            "dist": {
                "type": "zip",
                "url": "https://api.github.com/repos/Yoast/i18n-module/zipball/c08da78bba4747dff960e31dda2be46aae6b30e8",
                "reference": "c08da78bba4747dff960e31dda2be46aae6b30e8",
                "shasum": ""
            },
            "type": "library",
            "autoload": {
                "classmap": [
                    "src/"
                ]
            },
            "notification-url": "https://packagist.org/downloads/",
            "license": [
                "GPL-2.0+"
            ],
            "authors": [
                {
                    "name": "Team Yoast",
                    "email": "support@yoast.com",
                    "homepage": "https://yoast.com"
                }
            ],
            "description": "Handle i18n for WordPress plugins.",
            "homepage": "https://github.com/Yoast/i18n-module",
            "keywords": [
                "wordpress"
            ],
            "time": "2017-02-02T11:32:53+00:00"
        },
        {
            "name": "yoast/license-manager",
            "version": "1.4.0",
            "source": {
                "type": "git",
                "url": "https://github.com/Yoast/License-Manager.git",
                "reference": "2b3588aeed60c573bb622edd0f1144e0ee206bcf"
            },
            "dist": {
                "type": "zip",
                "url": "https://api.github.com/repos/Yoast/License-Manager/zipball/2b3588aeed60c573bb622edd0f1144e0ee206bcf",
                "reference": "2b3588aeed60c573bb622edd0f1144e0ee206bcf",
                "shasum": ""
            },
            "type": "library",
            "autoload": {
                "classmap": [
                    "class-api-request.php",
                    "class-license-manager.php",
                    "class-plugin-license-manager.php",
                    "class-plugin-update-manager.php",
                    "class-product.php",
                    "class-theme-license-manager.php",
                    "class-theme-update-manager.php",
                    "class-update-manager.php"
                ]
            },
            "notification-url": "https://packagist.org/downloads/",
            "license": [
                "GPL-2.0+"
            ],
            "authors": [
                {
                    "name": "Team Yoast",
                    "email": "support@yoast.com",
                    "homepage": "https://yoast.com"
                }
            ],
            "description": "Yoast License Manager.",
            "homepage": "https://github.com/Yoast/License-Manager",
            "keywords": [
                "wordpress"
            ],
            "time": "2016-11-11T11:18:13+00:00"
        },
        {
            "name": "yoast/wordpress-seo",
            "version": "4.2.1",
            "source": {
                "type": "git",
                "url": "https://github.com/Yoast/wordpress-seo.git",
                "reference": "4d7fb5977b628591ac2596ced8a0ad728962bc32"
            },
            "dist": {
                "type": "zip",
                "url": "https://api.github.com/repos/Yoast/wordpress-seo/zipball/4d7fb5977b628591ac2596ced8a0ad728962bc32",
                "reference": "4d7fb5977b628591ac2596ced8a0ad728962bc32",
                "shasum": ""
            },
            "require": {
                "composer/installers": "~1.0",
                "xrstf/composer-php52": "^1.0.20",
                "yoast/api-libs": "^2.0",
                "yoast/i18n-module": "^2.0",
                "yoast/license-manager": "^1.4.0"
            },
            "require-dev": {
                "codeclimate/php-test-reporter": "dev-master",
                "yoast/php-development-environment": "^1.0",
                "yoast/yoastcs": "0.3"
            },
            "type": "wordpress-plugin",
            "autoload": {
                "classmap": [
                    "admin/",
                    "frontend/",
                    "inc/",
                    "deprecated/"
                ]
            },
            "notification-url": "https://packagist.org/downloads/",
            "license": [
                "GPL-2.0+"
            ],
            "authors": [
                {
                    "name": "Team Yoast",
                    "email": "support@yoast.com",
                    "homepage": "https://yoast.com"
                }
            ],
            "description": "Improve your WordPress SEO: Write better content and have a fully optimized WordPress site using the Yoast SEO plugin.",
            "homepage": "https://yoast.com/wordpress/plugins/seo/",
            "keywords": [
                "seo",
                "wordpress"
            ],
            "time": "2017-02-02T10:36:05+00:00"
        }
    ],
    "packages-dev": [
        {
            "name": "squizlabs/php_codesniffer",
            "version": "2.8.0",
            "source": {
                "type": "git",
                "url": "https://github.com/squizlabs/PHP_CodeSniffer.git",
                "reference": "86dd55a522238211f9f3631e3361703578941d9a"
            },
            "dist": {
                "type": "zip",
                "url": "https://api.github.com/repos/squizlabs/PHP_CodeSniffer/zipball/86dd55a522238211f9f3631e3361703578941d9a",
                "reference": "86dd55a522238211f9f3631e3361703578941d9a",
                "shasum": ""
            },
            "require": {
                "ext-simplexml": "*",
                "ext-tokenizer": "*",
                "ext-xmlwriter": "*",
                "php": ">=5.1.2"
            },
            "require-dev": {
                "phpunit/phpunit": "~4.0"
            },
            "bin": [
                "scripts/phpcs",
                "scripts/phpcbf"
            ],
            "type": "library",
            "extra": {
                "branch-alias": {
                    "dev-master": "2.x-dev"
                }
            },
            "autoload": {
                "classmap": [
                    "CodeSniffer.php",
                    "CodeSniffer/CLI.php",
                    "CodeSniffer/Exception.php",
                    "CodeSniffer/File.php",
                    "CodeSniffer/Fixer.php",
                    "CodeSniffer/Report.php",
                    "CodeSniffer/Reporting.php",
                    "CodeSniffer/Sniff.php",
                    "CodeSniffer/Tokens.php",
                    "CodeSniffer/Reports/",
                    "CodeSniffer/Tokenizers/",
                    "CodeSniffer/DocGenerators/",
                    "CodeSniffer/Standards/AbstractPatternSniff.php",
                    "CodeSniffer/Standards/AbstractScopeSniff.php",
                    "CodeSniffer/Standards/AbstractVariableSniff.php",
                    "CodeSniffer/Standards/IncorrectPatternException.php",
                    "CodeSniffer/Standards/Generic/Sniffs/",
                    "CodeSniffer/Standards/MySource/Sniffs/",
                    "CodeSniffer/Standards/PEAR/Sniffs/",
                    "CodeSniffer/Standards/PSR1/Sniffs/",
                    "CodeSniffer/Standards/PSR2/Sniffs/",
                    "CodeSniffer/Standards/Squiz/Sniffs/",
                    "CodeSniffer/Standards/Zend/Sniffs/"
                ]
            },
            "notification-url": "https://packagist.org/downloads/",
            "license": [
                "BSD-3-Clause"
            ],
            "authors": [
                {
                    "name": "Greg Sherwood",
                    "role": "lead"
                }
            ],
            "description": "PHP_CodeSniffer tokenizes PHP, JavaScript and CSS files and detects violations of a defined set of coding standards.",
            "homepage": "http://www.squizlabs.com/php-codesniffer",
            "keywords": [
                "phpcs",
                "standards"
            ],
            "time": "2017-02-02T03:30:00+00:00"
        }
    ],
    "aliases": [],
    "minimum-stability": "stable",
    "stability-flags": [],
    "prefer-stable": false,
    "prefer-lowest": false,
    "platform": {
        "php": ">=5.5"
    },
    "platform-dev": []
}
